// !$*UTF8*$!
{
	archiveVersion = 1;
	classes = {
	};
	objectVersion = 50;
	objects = {

/* Begin PBXBuildFile section */
		8000DB00250F3E15009BD8EB /* MapViewCoordinator.swift in Sources */ = {isa = PBXBuildFile; fileRef = 8000DAFF250F3E15009BD8EB /* MapViewCoordinator.swift */; };
		8000DB03250F423B009BD8EB /* LocationManager.swift in Sources */ = {isa = PBXBuildFile; fileRef = 8000DB02250F423B009BD8EB /* LocationManager.swift */; };
		8015016A250CACFF0036824E /* AppDelegate.swift in Sources */ = {isa = PBXBuildFile; fileRef = 80150169250CACFF0036824E /* AppDelegate.swift */; };
		8015016C250CACFF0036824E /* SceneDelegate.swift in Sources */ = {isa = PBXBuildFile; fileRef = 8015016B250CACFF0036824E /* SceneDelegate.swift */; };
		8015016E250CACFF0036824E /* ContentView.swift in Sources */ = {isa = PBXBuildFile; fileRef = 8015016D250CACFF0036824E /* ContentView.swift */; };
		80150170250CAD060036824E /* Assets.xcassets in Resources */ = {isa = PBXBuildFile; fileRef = 8015016F250CAD060036824E /* Assets.xcassets */; };
		80150173250CAD060036824E /* Preview Assets.xcassets in Resources */ = {isa = PBXBuildFile; fileRef = 80150172250CAD060036824E /* Preview Assets.xcassets */; };
		80150176250CAD060036824E /* LaunchScreen.storyboard in Resources */ = {isa = PBXBuildFile; fileRef = 80150174250CAD060036824E /* LaunchScreen.storyboard */; };
		8015017F250E4D3F0036824E /* MapViewRepresentable.swift in Sources */ = {isa = PBXBuildFile; fileRef = 8015017E250E4D3F0036824E /* MapViewRepresentable.swift */; };
		80150181250E4F6C0036824E /* HomeView.swift in Sources */ = {isa = PBXBuildFile; fileRef = 80150180250E4F6C0036824E /* HomeView.swift */; };
		80454BD025102E37003359A7 /* PlacemarkView.swift in Sources */ = {isa = PBXBuildFile; fileRef = 80454BCF25102E36003359A7 /* PlacemarkView.swift */; };
		80D04BC1250F52DD00A0E4DF /* Landmark.swift in Sources */ = {isa = PBXBuildFile; fileRef = 80D04BC0250F52DD00A0E4DF /* Landmark.swift */; };
		80D04BC3250F53E600A0E4DF /* LandmarkAnnotation.swift in Sources */ = {isa = PBXBuildFile; fileRef = 80D04BC2250F53E600A0E4DF /* LandmarkAnnotation.swift */; };
/* End PBXBuildFile section */

/* Begin PBXFileReference section */
		8000DAFF250F3E15009BD8EB /* MapViewCoordinator.swift */ = {isa = PBXFileReference; lastKnownFileType = sourcecode.swift; path = MapViewCoordinator.swift; sourceTree = "<group>"; };
		8000DB02250F423B009BD8EB /* LocationManager.swift */ = {isa = PBXFileReference; lastKnownFileType = sourcecode.swift; path = LocationManager.swift; sourceTree = "<group>"; };
		80150166250CACFF0036824E /* CloseBy.app */ = {isa = PBXFileReference; explicitFileType = wrapper.application; includeInIndex = 0; path = CloseBy.app; sourceTree = BUILT_PRODUCTS_DIR; };
		80150169250CACFF0036824E /* AppDelegate.swift */ = {isa = PBXFileReference; lastKnownFileType = sourcecode.swift; path = AppDelegate.swift; sourceTree = "<group>"; };
		8015016B250CACFF0036824E /* SceneDelegate.swift */ = {isa = PBXFileReference; lastKnownFileType = sourcecode.swift; path = SceneDelegate.swift; sourceTree = "<group>"; };
		8015016D250CACFF0036824E /* ContentView.swift */ = {isa = PBXFileReference; lastKnownFileType = sourcecode.swift; path = ContentView.swift; sourceTree = "<group>"; };
		8015016F250CAD060036824E /* Assets.xcassets */ = {isa = PBXFileReference; lastKnownFileType = folder.assetcatalog; path = Assets.xcassets; sourceTree = "<group>"; };
		80150172250CAD060036824E /* Preview Assets.xcassets */ = {isa = PBXFileReference; lastKnownFileType = folder.assetcatalog; path = "Preview Assets.xcassets"; sourceTree = "<group>"; };
		80150175250CAD060036824E /* Base */ = {isa = PBXFileReference; lastKnownFileType = file.storyboard; name = Base; path = Base.lproj/LaunchScreen.storyboard; sourceTree = "<group>"; };
		80150177250CAD060036824E /* Info.plist */ = {isa = PBXFileReference; lastKnownFileType = text.plist.xml; path = Info.plist; sourceTree = "<group>"; };
		8015017E250E4D3F0036824E /* MapViewRepresentable.swift */ = {isa = PBXFileReference; lastKnownFileType = sourcecode.swift; path = MapViewRepresentable.swift; sourceTree = "<group>"; };
		80150180250E4F6C0036824E /* HomeView.swift */ = {isa = PBXFileReference; lastKnownFileType = sourcecode.swift; path = HomeView.swift; sourceTree = "<group>"; };
		80454BCF25102E36003359A7 /* PlacemarkView.swift */ = {isa = PBXFileReference; lastKnownFileType = sourcecode.swift; path = PlacemarkView.swift; sourceTree = "<group>"; };
		80D04BC0250F52DD00A0E4DF /* Landmark.swift */ = {isa = PBXFileReference; lastKnownFileType = sourcecode.swift; path = Landmark.swift; sourceTree = "<group>"; };
		80D04BC2250F53E600A0E4DF /* LandmarkAnnotation.swift */ = {isa = PBXFileReference; lastKnownFileType = sourcecode.swift; path = LandmarkAnnotation.swift; sourceTree = "<group>"; };
/* End PBXFileReference section */

/* Begin PBXFrameworksBuildPhase section */
		80150163250CACFF0036824E /* Frameworks */ = {
			isa = PBXFrameworksBuildPhase;
			buildActionMask = 2147483647;
			files = (
			);
			runOnlyForDeploymentPostprocessing = 0;
		};
/* End PBXFrameworksBuildPhase section */

/* Begin PBXGroup section */
		8000DAFE250F3DCF009BD8EB /* Coordinator */ = {
			isa = PBXGroup;
			children = (
				8000DAFF250F3E15009BD8EB /* MapViewCoordinator.swift */,
			);
			path = Coordinator;
			sourceTree = "<group>";
		};
		8000DB01250F422C009BD8EB /* Manager */ = {
			isa = PBXGroup;
			children = (
				8000DB02250F423B009BD8EB /* LocationManager.swift */,
			);
			path = Manager;
			sourceTree = "<group>";
		};
		8015015D250CACFF0036824E = {
			isa = PBXGroup;
			children = (
				80150168250CACFF0036824E /* CloseBy */,
				80150167250CACFF0036824E /* Products */,
			);
			sourceTree = "<group>";
		};
		80150167250CACFF0036824E /* Products */ = {
			isa = PBXGroup;
			children = (
				80150166250CACFF0036824E /* CloseBy.app */,
			);
			name = Products;
			sourceTree = "<group>";
		};
		80150168250CACFF0036824E /* CloseBy */ = {
			isa = PBXGroup;
			children = (
				80D04BBF250F52CD00A0E4DF /* Model */,
				8000DB01250F422C009BD8EB /* Manager */,
				8000DAFE250F3DCF009BD8EB /* Coordinator */,
				8015017D250E4D280036824E /* View */,
				80150169250CACFF0036824E /* AppDelegate.swift */,
				8015016B250CACFF0036824E /* SceneDelegate.swift */,
				8015016D250CACFF0036824E /* ContentView.swift */,
				8015016F250CAD060036824E /* Assets.xcassets */,
				80150174250CAD060036824E /* LaunchScreen.storyboard */,
				80150177250CAD060036824E /* Info.plist */,
				80150171250CAD060036824E /* Preview Content */,
			);
			path = CloseBy;
			sourceTree = "<group>";
		};
		80150171250CAD060036824E /* Preview Content */ = {
			isa = PBXGroup;
			children = (
				80150172250CAD060036824E /* Preview Assets.xcassets */,
			);
			path = "Preview Content";
			sourceTree = "<group>";
		};
		8015017D250E4D280036824E /* View */ = {
			isa = PBXGroup;
			children = (
				8015017E250E4D3F0036824E /* MapViewRepresentable.swift */,
				80150180250E4F6C0036824E /* HomeView.swift */,
				80454BCF25102E36003359A7 /* PlacemarkView.swift */,
			);
			path = View;
			sourceTree = "<group>";
		};
		80D04BBF250F52CD00A0E4DF /* Model */ = {
			isa = PBXGroup;
			children = (
				80D04BC0250F52DD00A0E4DF /* Landmark.swift */,
				80D04BC2250F53E600A0E4DF /* LandmarkAnnotation.swift */,
			);
			path = Model;
			sourceTree = "<group>";
		};
/* End PBXGroup section */

/* Begin PBXNativeTarget section */
		80150165250CACFF0036824E /* CloseBy */ = {
			isa = PBXNativeTarget;
			buildConfigurationList = 8015017A250CAD060036824E /* Build configuration list for PBXNativeTarget "CloseBy" */;
			buildPhases = (
				80150162250CACFF0036824E /* Sources */,
				80150163250CACFF0036824E /* Frameworks */,
				80150164250CACFF0036824E /* Resources */,
			);
			buildRules = (
			);
			dependencies = (
			);
			name = CloseBy;
			productName = CloseBy;
			productReference = 80150166250CACFF0036824E /* CloseBy.app */;
			productType = "com.apple.product-type.application";
		};
/* End PBXNativeTarget section */

/* Begin PBXProject section */
		8015015E250CACFF0036824E /* Project object */ = {
			isa = PBXProject;
			attributes = {
				LastSwiftUpdateCheck = 1200;
				LastUpgradeCheck = 1200;
				TargetAttributes = {
					80150165250CACFF0036824E = {
						CreatedOnToolsVersion = 12.0;
					};
				};
			};
			buildConfigurationList = 80150161250CACFF0036824E /* Build configuration list for PBXProject "CloseBy" */;
			compatibilityVersion = "Xcode 9.3";
			developmentRegion = en;
			hasScannedForEncodings = 0;
			knownRegions = (
				en,
				Base,
			);
			mainGroup = 8015015D250CACFF0036824E;
			productRefGroup = 80150167250CACFF0036824E /* Products */;
			projectDirPath = "";
			projectRoot = "";
			targets = (
				80150165250CACFF0036824E /* CloseBy */,
			);
		};
/* End PBXProject section */

/* Begin PBXResourcesBuildPhase section */
		80150164250CACFF0036824E /* Resources */ = {
			isa = PBXResourcesBuildPhase;
			buildActionMask = 2147483647;
			files = (
				80150176250CAD060036824E /* LaunchScreen.storyboard in Resources */,
				80150173250CAD060036824E /* Preview Assets.xcassets in Resources */,
				80150170250CAD060036824E /* Assets.xcassets in Resources */,
			);
			runOnlyForDeploymentPostprocessing = 0;
		};
/* End PBXResourcesBuildPhase section */

/* Begin PBXSourcesBuildPhase section */
		80150162250CACFF0036824E /* Sources */ = {
			isa = PBXSourcesBuildPhase;
			buildActionMask = 2147483647;
			files = (
				8015016A250CACFF0036824E /* AppDelegate.swift in Sources */,
				8015016C250CACFF0036824E /* SceneDelegate.swift in Sources */,
				8015017F250E4D3F0036824E /* MapViewRepresentable.swift in Sources */,
				80D04BC1250F52DD00A0E4DF /* Landmark.swift in Sources */,
				8000DB03250F423B009BD8EB /* LocationManager.swift in Sources */,
				80D04BC3250F53E600A0E4DF /* LandmarkAnnotation.swift in Sources */,
				80150181250E4F6C0036824E /* HomeView.swift in Sources */,
				80454BD025102E37003359A7 /* PlacemarkView.swift in Sources */,
				8000DB00250F3E15009BD8EB /* MapViewCoordinator.swift in Sources */,
				8015016E250CACFF0036824E /* ContentView.swift in Sources */,
			);
			runOnlyForDeploymentPostprocessing = 0;
		};
/* End PBXSourcesBuildPhase section */

/* Begin PBXVariantGroup section */
		80150174250CAD060036824E /* LaunchScreen.storyboard */ = {
			isa = PBXVariantGroup;
			children = (
				80150175250CAD060036824E /* Base */,
			);
			name = LaunchScreen.storyboard;
			sourceTree = "<group>";
		};
/* End PBXVariantGroup section */

/* Begin XCBuildConfiguration section */
		80150178250CAD060036824E /* Debug */ = {
			isa = XCBuildConfiguration;
			buildSettings = {
				ALWAYS_SEARCH_USER_PATHS = NO;
				CLANG_ANALYZER_NONNULL = YES;
				CLANG_ANALYZER_NUMBER_OBJECT_CONVERSION = YES_AGGRESSIVE;
				CLANG_CXX_LANGUAGE_STANDARD = "gnu++14";
				CLANG_CXX_LIBRARY = "libc++";
				CLANG_ENABLE_MODULES = YES;
				CLANG_ENABLE_OBJC_ARC = YES;
				CLANG_ENABLE_OBJC_WEAK = YES;
				CLANG_WARN_BLOCK_CAPTURE_AUTORELEASING = YES;
				CLANG_WARN_BOOL_CONVERSION = YES;
				CLANG_WARN_COMMA = YES;
				CLANG_WARN_CONSTANT_CONVERSION = YES;
				CLANG_WARN_DEPRECATED_OBJC_IMPLEMENTATIONS = YES;
				CLANG_WARN_DIRECT_OBJC_ISA_USAGE = YES_ERROR;
				CLANG_WARN_DOCUMENTATION_COMMENTS = YES;
				CLANG_WARN_EMPTY_BODY = YES;
				CLANG_WARN_ENUM_CONVERSION = YES;
				CLANG_WARN_INFINITE_RECURSION = YES;
				CLANG_WARN_INT_CONVERSION = YES;
				CLANG_WARN_NON_LITERAL_NULL_CONVERSION = YES;
				CLANG_WARN_OBJC_IMPLICIT_RETAIN_SELF = YES;
				CLANG_WARN_OBJC_LITERAL_CONVERSION = YES;
				CLANG_WARN_OBJC_ROOT_CLASS = YES_ERROR;
				CLANG_WARN_QUOTED_INCLUDE_IN_FRAMEWORK_HEADER = YES;
				CLANG_WARN_RANGE_LOOP_ANALYSIS = YES;
				CLANG_WARN_STRICT_PROTOTYPES = YES;
				CLANG_WARN_SUSPICIOUS_MOVE = YES;
				CLANG_WARN_UNGUARDED_AVAILABILITY = YES_AGGRESSIVE;
				CLANG_WARN_UNREACHABLE_CODE = YES;
				CLANG_WARN__DUPLICATE_METHOD_MATCH = YES;
				COPY_PHASE_STRIP = NO;
				DEBUG_INFORMATION_FORMAT = dwarf;
				ENABLE_STRICT_OBJC_MSGSEND = YES;
				ENABLE_TESTABILITY = YES;
				GCC_C_LANGUAGE_STANDARD = gnu11;
				GCC_DYNAMIC_NO_PIC = NO;
				GCC_NO_COMMON_BLOCKS = YES;
				GCC_OPTIMIZATION_LEVEL = 0;
				GCC_PREPROCESSOR_DEFINITIONS = (
					"DEBUG=1",
					"$(inherited)",
				);
				GCC_WARN_64_TO_32_BIT_CONVERSION = YES;
				GCC_WARN_ABOUT_RETURN_TYPE = YES_ERROR;
				GCC_WARN_UNDECLARED_SELECTOR = YES;
				GCC_WARN_UNINITIALIZED_AUTOS = YES_AGGRESSIVE;
				GCC_WARN_UNUSED_FUNCTION = YES;
				GCC_WARN_UNUSED_VARIABLE = YES;
				IPHONEOS_DEPLOYMENT_TARGET = 14.0;
				MTL_ENABLE_DEBUG_INFO = INCLUDE_SOURCE;
				MTL_FAST_MATH = YES;
				ONLY_ACTIVE_ARCH = YES;
				SDKROOT = iphoneos;
				SWIFT_ACTIVE_COMPILATION_CONDITIONS = DEBUG;
				SWIFT_OPTIMIZATION_LEVEL = "-Onone";
			};
			name = Debug;
		};
		80150179250CAD060036824E /* Release */ = {
			isa = XCBuildConfiguration;
			buildSettings = {
				ALWAYS_SEARCH_USER_PATHS = NO;
				CLANG_ANALYZER_NONNULL = YES;
				CLANG_ANALYZER_NUMBER_OBJECT_CONVERSION = YES_AGGRESSIVE;
				CLANG_CXX_LANGUAGE_STANDARD = "gnu++14";
				CLANG_CXX_LIBRARY = "libc++";
				CLANG_ENABLE_MODULES = YES;
				CLANG_ENABLE_OBJC_ARC = YES;
				CLANG_ENABLE_OBJC_WEAK = YES;
				CLANG_WARN_BLOCK_CAPTURE_AUTORELEASING = YES;
				CLANG_WARN_BOOL_CONVERSION = YES;
				CLANG_WARN_COMMA = YES;
				CLANG_WARN_CONSTANT_CONVERSION = YES;
				CLANG_WARN_DEPRECATED_OBJC_IMPLEMENTATIONS = YES;
				CLANG_WARN_DIRECT_OBJC_ISA_USAGE = YES_ERROR;
				CLANG_WARN_DOCUMENTATION_COMMENTS = YES;
				CLANG_WARN_EMPTY_BODY = YES;
				CLANG_WARN_ENUM_CONVERSION = YES;
				CLANG_WARN_INFINITE_RECURSION = YES;
				CLANG_WARN_INT_CONVERSION = YES;
				CLANG_WARN_NON_LITERAL_NULL_CONVERSION = YES;
				CLANG_WARN_OBJC_IMPLICIT_RETAIN_SELF = YES;
				CLANG_WARN_OBJC_LITERAL_CONVERSION = YES;
				CLANG_WARN_OBJC_ROOT_CLASS = YES_ERROR;
				CLANG_WARN_QUOTED_INCLUDE_IN_FRAMEWORK_HEADER = YES;
				CLANG_WARN_RANGE_LOOP_ANALYSIS = YES;
				CLANG_WARN_STRICT_PROTOTYPES = YES;
				CLANG_WARN_SUSPICIOUS_MOVE = YES;
				CLANG_WARN_UNGUARDED_AVAILABILITY = YES_AGGRESSIVE;
				CLANG_WARN_UNREACHABLE_CODE = YES;
				CLANG_WARN__DUPLICATE_METHOD_MATCH = YES;
				COPY_PHASE_STRIP = NO;
				DEBUG_INFORMATION_FORMAT = "dwarf-with-dsym";
				ENABLE_NS_ASSERTIONS = NO;
				ENABLE_STRICT_OBJC_MSGSEND = YES;
				GCC_C_LANGUAGE_STANDARD = gnu11;
				GCC_NO_COMMON_BLOCKS = YES;
				GCC_WARN_64_TO_32_BIT_CONVERSION = YES;
				GCC_WARN_ABOUT_RETURN_TYPE = YES_ERROR;
				GCC_WARN_UNDECLARED_SELECTOR = YES;
				GCC_WARN_UNINITIALIZED_AUTOS = YES_AGGRESSIVE;
				GCC_WARN_UNUSED_FUNCTION = YES;
				GCC_WARN_UNUSED_VARIABLE = YES;
				IPHONEOS_DEPLOYMENT_TARGET = 14.0;
				MTL_ENABLE_DEBUG_INFO = NO;
				MTL_FAST_MATH = YES;
				SDKROOT = iphoneos;
				SWIFT_COMPILATION_MODE = wholemodule;
				SWIFT_OPTIMIZATION_LEVEL = "-O";
				VALIDATE_PRODUCT = YES;
			};
			name = Release;
		};
		8015017B250CAD060036824E /* Debug */ = {
			isa = XCBuildConfiguration;
			buildSettings = {
				ASSETCATALOG_COMPILER_APPICON_NAME = AppIcon;
				ASSETCATALOG_COMPILER_GLOBAL_ACCENT_COLOR_NAME = AccentColor;
				CODE_SIGN_STYLE = Automatic;
				DEVELOPMENT_ASSET_PATHS = "\"CloseBy/Preview Content\"";
				ENABLE_PREVIEWS = YES;
				INFOPLIST_FILE = CloseBy/Info.plist;
				LD_RUNPATH_SEARCH_PATHS = (
					"$(inherited)",
					"@executable_path/Frameworks",
				);
				PRODUCT_BUNDLE_IDENTIFIER = com.raghu.CloseBy;
				PRODUCT_NAME = "$(TARGET_NAME)";
				SWIFT_VERSION = 5.0;
				TARGETED_DEVICE_FAMILY = "1,2";
			};
			name = Debug;
		};
		8015017C250CAD060036824E /* Release */ = {
			isa = XCBuildConfiguration;
			buildSettings = {
				ASSETCATALOG_COMPILER_APPICON_NAME = AppIcon;
				ASSETCATALOG_COMPILER_GLOBAL_ACCENT_COLOR_NAME = AccentColor;
				CODE_SIGN_STYLE = Automatic;
				DEVELOPMENT_ASSET_PATHS = "\"CloseBy/Preview Content\"";
				ENABLE_PREVIEWS = YES;
				INFOPLIST_FILE = CloseBy/Info.plist;
				LD_RUNPATH_SEARCH_PATHS = (
					"$(inherited)",
					"@executable_path/Frameworks",
				);
				PRODUCT_BUNDLE_IDENTIFIER = com.raghu.CloseBy;
				PRODUCT_NAME = "$(TARGET_NAME)";
				SWIFT_VERSION = 5.0;
				TARGETED_DEVICE_FAMILY = "1,2";
			};
			name = Release;
		};
/* End XCBuildConfiguration section */

/* Begin XCConfigurationList section */
		80150161250CACFF0036824E /* Build configuration list for PBXProject "CloseBy" */ = {
			isa = XCConfigurationList;
			buildConfigurations = (
				80150178250CAD060036824E /* Debug */,
				80150179250CAD060036824E /* Release */,
			);
			defaultConfigurationIsVisible = 0;
			defaultConfigurationName = Release;
		};
		8015017A250CAD060036824E /* Build configuration list for PBXNativeTarget "CloseBy" */ = {
			isa = XCConfigurationList;
			buildConfigurations = (
				8015017B250CAD060036824E /* Debug */,
				8015017C250CAD060036824E /* Release */,
			);
			defaultConfigurationIsVisible = 0;
			defaultConfigurationName = Release;
		};
/* End XCConfigurationList section */
	};
	rootObject = 8015015E250CACFF0036824E /* Project object */;
}
